
Microsoft Visual Studio Solution File, Format Version 12.00
# Visual Studio Version 17
VisualStudioVersion = 17.9.34728.123
MinimumVisualStudioVersion = 10.0.40219.1
Project("{FAE04EC0-301F-11D3-BF4B-00C04F79EFBC}") = "PersonalFinanceManagement", "PersonalFinanceManagement.csproj", "{7582DDA0-1AC2-4DBD-8965-4E24B25C36F9}"
EndProject
Global
	GlobalSection(SolutionConfigurationPlatforms) = preSolution
		Debug|Any CPU = Debug|Any CPU
		Release|Any CPU = Release|Any CPU
	EndGlobalSection
	GlobalSection(ProjectConfigurationPlatforms) = postSolution
		{7582DDA0-1AC2-4DBD-8965-4E24B25C36F9}.Debug|Any CPU.ActiveCfg = Debug|Any CPU
		{7582DDA0-1AC2-4DBD-8965-4E24B25C36F9}.Debug|Any CPU.Build.0 = Debug|Any CPU
		{7582DDA0-1AC2-4DBD-8965-4E24B25C36F9}.Release|Any CPU.ActiveCfg = Release|Any CPU
		{7582DDA0-1AC2-4DBD-8965-4E24B25C36F9}.Release|Any CPU.Build.0 = Release|Any CPU
	EndGlobalSection
	GlobalSection(SolutionProperties) = preSolution
		HideSolutionNode = FALSE
	EndGlobalSection
	GlobalSection(ExtensibilityGlobals) = postSolution
		SolutionGuid = {4B8B7AB1-D390-4D73-AB63-832E84E548E1}
	EndGlobalSection
EndGlobal
